// !$*UTF8*$!
{
	archiveVersion = 1;
	classes = {
	};
	objectVersion = 50;
	objects = {

/* Begin PBXBuildFile section */
		1A48FD21264672EE002D4A69 /* AppDelegate.swift in Sources */ = {isa = PBXBuildFile; fileRef = 1A48FD20264672EE002D4A69 /* AppDelegate.swift */; };
		1A48FD23264672EE002D4A69 /* SceneDelegate.swift in Sources */ = {isa = PBXBuildFile; fileRef = 1A48FD22264672EE002D4A69 /* SceneDelegate.swift */; };
		1A48FD25264672EE002D4A69 /* ViewController.swift in Sources */ = {isa = PBXBuildFile; fileRef = 1A48FD24264672EE002D4A69 /* ViewController.swift */; };
		1A48FD28264672EE002D4A69 /* Main.storyboard in Resources */ = {isa = PBXBuildFile; fileRef = 1A48FD26264672EE002D4A69 /* Main.storyboard */; };
		1A48FD2A264672EF002D4A69 /* Assets.xcassets in Resources */ = {isa = PBXBuildFile; fileRef = 1A48FD29264672EF002D4A69 /* Assets.xcassets */; };
		1A48FD2D264672EF002D4A69 /* LaunchScreen.storyboard in Resources */ = {isa = PBXBuildFile; fileRef = 1A48FD2B264672EF002D4A69 /* LaunchScreen.storyboard */; };
		1A48FD38264672EF002D4A69 /* PageConrolStudyTests.swift in Sources */ = {isa = PBXBuildFile; fileRef = 1A48FD37264672EF002D4A69 /* PageConrolStudyTests.swift */; };
		1A48FD43264672EF002D4A69 /* PageConrolStudyUITests.swift in Sources */ = {isa = PBXBuildFile; fileRef = 1A48FD42264672EF002D4A69 /* PageConrolStudyUITests.swift */; };
/* End PBXBuildFile section */

/* Begin PBXContainerItemProxy section */
		1A48FD34264672EF002D4A69 /* PBXContainerItemProxy */ = {
			isa = PBXContainerItemProxy;
			containerPortal = 1A48FD15264672EE002D4A69 /* Project object */;
			proxyType = 1;
			remoteGlobalIDString = 1A48FD1C264672EE002D4A69;
			remoteInfo = PageConrolStudy;
		};
		1A48FD3F264672EF002D4A69 /* PBXContainerItemProxy */ = {
			isa = PBXContainerItemProxy;
			containerPortal = 1A48FD15264672EE002D4A69 /* Project object */;
			proxyType = 1;
			remoteGlobalIDString = 1A48FD1C264672EE002D4A69;
			remoteInfo = PageConrolStudy;
		};
/* End PBXContainerItemProxy section */

/* Begin PBXFileReference section */
		1A48FD1D264672EE002D4A69 /* PageConrolStudy.app */ = {isa = PBXFileReference; explicitFileType = wrapper.application; includeInIndex = 0; path = PageConrolStudy.app; sourceTree = BUILT_PRODUCTS_DIR; };
		1A48FD20264672EE002D4A69 /* AppDelegate.swift */ = {isa = PBXFileReference; lastKnownFileType = sourcecode.swift; path = AppDelegate.swift; sourceTree = "<group>"; };
		1A48FD22264672EE002D4A69 /* SceneDelegate.swift */ = {isa = PBXFileReference; lastKnownFileType = sourcecode.swift; path = SceneDelegate.swift; sourceTree = "<group>"; };
		1A48FD24264672EE002D4A69 /* ViewController.swift */ = {isa = PBXFileReference; lastKnownFileType = sourcecode.swift; path = ViewController.swift; sourceTree = "<group>"; };
		1A48FD27264672EE002D4A69 /* Base */ = {isa = PBXFileReference; lastKnownFileType = file.storyboard; name = Base; path = Base.lproj/Main.storyboard; sourceTree = "<group>"; };
		1A48FD29264672EF002D4A69 /* Assets.xcassets */ = {isa = PBXFileReference; lastKnownFileType = folder.assetcatalog; path = Assets.xcassets; sourceTree = "<group>"; };
		1A48FD2C264672EF002D4A69 /* Base */ = {isa = PBXFileReference; lastKnownFileType = file.storyboard; name = Base; path = Base.lproj/LaunchScreen.storyboard; sourceTree = "<group>"; };
		1A48FD2E264672EF002D4A69 /* Info.plist */ = {isa = PBXFileReference; lastKnownFileType = text.plist.xml; path = Info.plist; sourceTree = "<group>"; };
		1A48FD33264672EF002D4A69 /* PageConrolStudyTests.xctest */ = {isa = PBXFileReference; explicitFileType = wrapper.cfbundle; includeInIndex = 0; path = PageConrolStudyTests.xctest; sourceTree = BUILT_PRODUCTS_DIR; };
		1A48FD37264672EF002D4A69 /* PageConrolStudyTests.swift */ = {isa = PBXFileReference; lastKnownFileType = sourcecode.swift; path = PageConrolStudyTests.swift; sourceTree = "<group>"; };
		1A48FD39264672EF002D4A69 /* Info.plist */ = {isa = PBXFileReference; lastKnownFileType = text.plist.xml; path = Info.plist; sourceTree = "<group>"; };
		1A48FD3E264672EF002D4A69 /* PageConrolStudyUITests.xctest */ = {isa = PBXFileReference; explicitFileType = wrapper.cfbundle; includeInIndex = 0; path = PageConrolStudyUITests.xctest; sourceTree = BUILT_PRODUCTS_DIR; };
		1A48FD42264672EF002D4A69 /* PageConrolStudyUITests.swift */ = {isa = PBXFileReference; lastKnownFileType = sourcecode.swift; path = PageConrolStudyUITests.swift; sourceTree = "<group>"; };
		1A48FD44264672EF002D4A69 /* Info.plist */ = {isa = PBXFileReference; lastKnownFileType = text.plist.xml; path = Info.plist; sourceTree = "<group>"; };
/* End PBXFileReference section */

/* Begin PBXFrameworksBuildPhase section */
		1A48FD1A264672EE002D4A69 /* Frameworks */ = {
			isa = PBXFrameworksBuildPhase;
			buildActionMask = 2147483647;
			files = (
			);
			runOnlyForDeploymentPostprocessing = 0;
		};
		1A48FD30264672EF002D4A69 /* Frameworks */ = {
			isa = PBXFrameworksBuildPhase;
			buildActionMask = 2147483647;
			files = (
			);
			runOnlyForDeploymentPostprocessing = 0;
		};
		1A48FD3B264672EF002D4A69 /* Frameworks */ = {
			isa = PBXFrameworksBuildPhase;
			buildActionMask = 2147483647;
			files = (
			);
			runOnlyForDeploymentPostprocessing = 0;
		};
/* End PBXFrameworksBuildPhase section */

/* Begin PBXGroup section */
		1A48FD14264672EE002D4A69 = {
			isa = PBXGroup;
			children = (
				1A48FD1F264672EE002D4A69 /* PageConrolStudy */,
				1A48FD36264672EF002D4A69 /* PageConrolStudyTests */,
				1A48FD41264672EF002D4A69 /* PageConrolStudyUITests */,
				1A48FD1E264672EE002D4A69 /* Products */,
			);
			sourceTree = "<group>";
		};
		1A48FD1E264672EE002D4A69 /* Products */ = {
			isa = PBXGroup;
			children = (
				1A48FD1D264672EE002D4A69 /* PageConrolStudy.app */,
				1A48FD33264672EF002D4A69 /* PageConrolStudyTests.xctest */,
				1A48FD3E264672EF002D4A69 /* PageConrolStudyUITests.xctest */,
			);
			name = Products;
			sourceTree = "<group>";
		};
		1A48FD1F264672EE002D4A69 /* PageConrolStudy */ = {
			isa = PBXGroup;
			children = (
				1A48FD20264672EE002D4A69 /* AppDelegate.swift */,
				1A48FD22264672EE002D4A69 /* SceneDelegate.swift */,
				1A48FD24264672EE002D4A69 /* ViewController.swift */,
				1A48FD26264672EE002D4A69 /* Main.storyboard */,
				1A48FD29264672EF002D4A69 /* Assets.xcassets */,
				1A48FD2B264672EF002D4A69 /* LaunchScreen.storyboard */,
				1A48FD2E264672EF002D4A69 /* Info.plist */,
			);
			path = PageConrolStudy;
			sourceTree = "<group>";
		};
		1A48FD36264672EF002D4A69 /* PageConrolStudyTests */ = {
			isa = PBXGroup;
			children = (
				1A48FD37264672EF002D4A69 /* PageConrolStudyTests.swift */,
				1A48FD39264672EF002D4A69 /* Info.plist */,
			);
			path = PageConrolStudyTests;
			sourceTree = "<group>";
		};
		1A48FD41264672EF002D4A69 /* PageConrolStudyUITests */ = {
			isa = PBXGroup;
			children = (
				1A48FD42264672EF002D4A69 /* PageConrolStudyUITests.swift */,
				1A48FD44264672EF002D4A69 /* Info.plist */,
			);
			path = PageConrolStudyUITests;
			sourceTree = "<group>";
		};
/* End PBXGroup section */

/* Begin PBXNativeTarget section */
		1A48FD1C264672EE002D4A69 /* PageConrolStudy */ = {
			isa = PBXNativeTarget;
			buildConfigurationList = 1A48FD47264672EF002D4A69 /* Build configuration list for PBXNativeTarget "PageConrolStudy" */;
			buildPhases = (
				1A48FD19264672EE002D4A69 /* Sources */,
				1A48FD1A264672EE002D4A69 /* Frameworks */,
				1A48FD1B264672EE002D4A69 /* Resources */,
			);
			buildRules = (
			);
			dependencies = (
			);
			name = PageConrolStudy;
			productName = PageConrolStudy;
			productReference = 1A48FD1D264672EE002D4A69 /* PageConrolStudy.app */;
			productType = "com.apple.product-type.application";
		};
		1A48FD32264672EF002D4A69 /* PageConrolStudyTests */ = {
			isa = PBXNativeTarget;
			buildConfigurationList = 1A48FD4A264672EF002D4A69 /* Build configuration list for PBXNativeTarget "PageConrolStudyTests" */;
			buildPhases = (
				1A48FD2F264672EF002D4A69 /* Sources */,
				1A48FD30264672EF002D4A69 /* Frameworks */,
				1A48FD31264672EF002D4A69 /* Resources */,
			);
			buildRules = (
			);
			dependencies = (
				1A48FD35264672EF002D4A69 /* PBXTargetDependency */,
			);
			name = PageConrolStudyTests;
			productName = PageConrolStudyTests;
			productReference = 1A48FD33264672EF002D4A69 /* PageConrolStudyTests.xctest */;
			productType = "com.apple.product-type.bundle.unit-test";
		};
		1A48FD3D264672EF002D4A69 /* PageConrolStudyUITests */ = {
			isa = PBXNativeTarget;
			buildConfigurationList = 1A48FD4D264672EF002D4A69 /* Build configuration list for PBXNativeTarget "PageConrolStudyUITests" */;
			buildPhases = (
				1A48FD3A264672EF002D4A69 /* Sources */,
				1A48FD3B264672EF002D4A69 /* Frameworks */,
				1A48FD3C264672EF002D4A69 /* Resources */,
			);
			buildRules = (
			);
			dependencies = (
				1A48FD40264672EF002D4A69 /* PBXTargetDependency */,
			);
			name = PageConrolStudyUITests;
			productName = PageConrolStudyUITests;
			productReference = 1A48FD3E264672EF002D4A69 /* PageConrolStudyUITests.xctest */;
			productType = "com.apple.product-type.bundle.ui-testing";
		};
/* End PBXNativeTarget section */

/* Begin PBXProject section */
		1A48FD15264672EE002D4A69 /* Project object */ = {
			isa = PBXProject;
			attributes = {
				LastSwiftUpdateCheck = 1250;
				LastUpgradeCheck = 1250;
				TargetAttributes = {
					1A48FD1C264672EE002D4A69 = {
						CreatedOnToolsVersion = 12.5;
					};
					1A48FD32264672EF002D4A69 = {
						CreatedOnToolsVersion = 12.5;
						TestTargetID = 1A48FD1C264672EE002D4A69;
					};
					1A48FD3D264672EF002D4A69 = {
						CreatedOnToolsVersion = 12.5;
						TestTargetID = 1A48FD1C264672EE002D4A69;
					};
				};
			};
			buildConfigurationList = 1A48FD18264672EE002D4A69 /* Build configuration list for PBXProject "PageConrolStudy" */;
			compatibilityVersion = "Xcode 9.3";
			developmentRegion = en;
			hasScannedForEncodings = 0;
			knownRegions = (
				en,
				Base,
			);
			mainGroup = 1A48FD14264672EE002D4A69;
			productRefGroup = 1A48FD1E264672EE002D4A69 /* Products */;
			projectDirPath = "";
			projectRoot = "";
			targets = (
				1A48FD1C264672EE002D4A69 /* PageConrolStudy */,
				1A48FD32264672EF002D4A69 /* PageConrolStudyTests */,
				1A48FD3D264672EF002D4A69 /* PageConrolStudyUITests */,
			);
		};
/* End PBXProject section */

/* Begin PBXResourcesBuildPhase section */
		1A48FD1B264672EE002D4A69 /* Resources */ = {
			isa = PBXResourcesBuildPhase;
			buildActionMask = 2147483647;
			files = (
				1A48FD2D264672EF002D4A69 /* LaunchScreen.storyboard in Resources */,
				1A48FD2A264672EF002D4A69 /* Assets.xcassets in Resources */,
				1A48FD28264672EE002D4A69 /* Main.storyboard in Resources */,
			);
			runOnlyForDeploymentPostprocessing = 0;
		};
		1A48FD31264672EF002D4A69 /* Resources */ = {
			isa = PBXResourcesBuildPhase;
			buildActionMask = 2147483647;
			files = (
			);
			runOnlyForDeploymentPostprocessing = 0;
		};
		1A48FD3C264672EF002D4A69 /* Resources */ = {
			isa = PBXResourcesBuildPhase;
			buildActionMask = 2147483647;
			files = (
			);
			runOnlyForDeploymentPostprocessing = 0;
		};
/* End PBXResourcesBuildPhase section */

/* Begin PBXSourcesBuildPhase section */
		1A48FD19264672EE002D4A69 /* Sources */ = {
			isa = PBXSourcesBuildPhase;
			buildActionMask = 2147483647;
			files = (
				1A48FD25264672EE002D4A69 /* ViewController.swift in Sources */,
				1A48FD21264672EE002D4A69 /* AppDelegate.swift in Sources */,
				1A48FD23264672EE002D4A69 /* SceneDelegate.swift in Sources */,
			);
			runOnlyForDeploymentPostprocessing = 0;
		};
		1A48FD2F264672EF002D4A69 /* Sources */ = {
			isa = PBXSourcesBuildPhase;
			buildActionMask = 2147483647;
			files = (
				1A48FD38264672EF002D4A69 /* PageConrolStudyTests.swift in Sources */,
			);
			runOnlyForDeploymentPostprocessing = 0;
		};
		1A48FD3A264672EF002D4A69 /* Sources */ = {
			isa = PBXSourcesBuildPhase;
			buildActionMask = 2147483647;
			files = (
				1A48FD43264672EF002D4A69 /* PageConrolStudyUITests.swift in Sources */,
			);
			runOnlyForDeploymentPostprocessing = 0;
		};
/* End PBXSourcesBuildPhase section */

/* Begin PBXTargetDependency section */
		1A48FD35264672EF002D4A69 /* PBXTargetDependency */ = {
			isa = PBXTargetDependency;
			target = 1A48FD1C264672EE002D4A69 /* PageConrolStudy */;
			targetProxy = 1A48FD34264672EF002D4A69 /* PBXContainerItemProxy */;
		};
		1A48FD40264672EF002D4A69 /* PBXTargetDependency */ = {
			isa = PBXTargetDependency;
			target = 1A48FD1C264672EE002D4A69 /* PageConrolStudy */;
			targetProxy = 1A48FD3F264672EF002D4A69 /* PBXContainerItemProxy */;
		};
/* End PBXTargetDependency section */

/* Begin PBXVariantGroup section */
		1A48FD26264672EE002D4A69 /* Main.storyboard */ = {
			isa = PBXVariantGroup;
			children = (
				1A48FD27264672EE002D4A69 /* Base */,
			);
			name = Main.storyboard;
			sourceTree = "<group>";
		};
		1A48FD2B264672EF002D4A69 /* LaunchScreen.storyboard */ = {
			isa = PBXVariantGroup;
			children = (
				1A48FD2C264672EF002D4A69 /* Base */,
			);
			name = LaunchScreen.storyboard;
			sourceTree = "<group>";
		};
/* End PBXVariantGroup section */

/* Begin XCBuildConfiguration section */
		1A48FD45264672EF002D4A69 /* Debug */ = {
			isa = XCBuildConfiguration;
			buildSettings = {
				ALWAYS_SEARCH_USER_PATHS = NO;
				CLANG_ANALYZER_NONNULL = YES;
				CLANG_ANALYZER_NUMBER_OBJECT_CONVERSION = YES_AGGRESSIVE;
				CLANG_CXX_LANGUAGE_STANDARD = "gnu++14";
				CLANG_CXX_LIBRARY = "libc++";
				CLANG_ENABLE_MODULES = YES;
				CLANG_ENABLE_OBJC_ARC = YES;
				CLANG_ENABLE_OBJC_WEAK = YES;
				CLANG_WARN_BLOCK_CAPTURE_AUTORELEASING = YES;
				CLANG_WARN_BOOL_CONVERSION = YES;
				CLANG_WARN_COMMA = YES;
				CLANG_WARN_CONSTANT_CONVERSION = YES;
				CLANG_WARN_DEPRECATED_OBJC_IMPLEMENTATIONS = YES;
				CLANG_WARN_DIRECT_OBJC_ISA_USAGE = YES_ERROR;
				CLANG_WARN_DOCUMENTATION_COMMENTS = YES;
				CLANG_WARN_EMPTY_BODY = YES;
				CLANG_WARN_ENUM_CONVERSION = YES;
				CLANG_WARN_INFINITE_RECURSION = YES;
				CLANG_WARN_INT_CONVERSION = YES;
				CLANG_WARN_NON_LITERAL_NULL_CONVERSION = YES;
				CLANG_WARN_OBJC_IMPLICIT_RETAIN_SELF = YES;
				CLANG_WARN_OBJC_LITERAL_CONVERSION = YES;
				CLANG_WARN_OBJC_ROOT_CLASS = YES_ERROR;
				CLANG_WARN_QUOTED_INCLUDE_IN_FRAMEWORK_HEADER = YES;
				CLANG_WARN_RANGE_LOOP_ANALYSIS = YES;
				CLANG_WARN_STRICT_PROTOTYPES = YES;
				CLANG_WARN_SUSPICIOUS_MOVE = YES;
				CLANG_WARN_UNGUARDED_AVAILABILITY = YES_AGGRESSIVE;
				CLANG_WARN_UNREACHABLE_CODE = YES;
				CLANG_WARN__DUPLICATE_METHOD_MATCH = YES;
				COPY_PHASE_STRIP = NO;
				DEBUG_INFORMATION_FORMAT = dwarf;
				ENABLE_STRICT_OBJC_MSGSEND = YES;
				ENABLE_TESTABILITY = YES;
				GCC_C_LANGUAGE_STANDARD = gnu11;
				GCC_DYNAMIC_NO_PIC = NO;
				GCC_NO_COMMON_BLOCKS = YES;
				GCC_OPTIMIZATION_LEVEL = 0;
				GCC_PREPROCESSOR_DEFINITIONS = (
					"DEBUG=1",
					"$(inherited)",
				);
				GCC_WARN_64_TO_32_BIT_CONVERSION = YES;
				GCC_WARN_ABOUT_RETURN_TYPE = YES_ERROR;
				GCC_WARN_UNDECLARED_SELECTOR = YES;
				GCC_WARN_UNINITIALIZED_AUTOS = YES_AGGRESSIVE;
				GCC_WARN_UNUSED_FUNCTION = YES;
				GCC_WARN_UNUSED_VARIABLE = YES;
				IPHONEOS_DEPLOYMENT_TARGET = 14.5;
				MTL_ENABLE_DEBUG_INFO = INCLUDE_SOURCE;
				MTL_FAST_MATH = YES;
				ONLY_ACTIVE_ARCH = YES;
				SDKROOT = iphoneos;
				SWIFT_ACTIVE_COMPILATION_CONDITIONS = DEBUG;
				SWIFT_OPTIMIZATION_LEVEL = "-Onone";
			};
			name = Debug;
		};
		1A48FD46264672EF002D4A69 /* Release */ = {
			isa = XCBuildConfiguration;
			buildSettings = {
				ALWAYS_SEARCH_USER_PATHS = NO;
				CLANG_ANALYZER_NONNULL = YES;
				CLANG_ANALYZER_NUMBER_OBJECT_CONVERSION = YES_AGGRESSIVE;
				CLANG_CXX_LANGUAGE_STANDARD = "gnu++14";
				CLANG_CXX_LIBRARY = "libc++";
				CLANG_ENABLE_MODULES = YES;
				CLANG_ENABLE_OBJC_ARC = YES;
				CLANG_ENABLE_OBJC_WEAK = YES;
				CLANG_WARN_BLOCK_CAPTURE_AUTORELEASING = YES;
				CLANG_WARN_BOOL_CONVERSION = YES;
				CLANG_WARN_COMMA = YES;
				CLANG_WARN_CONSTANT_CONVERSION = YES;
				CLANG_WARN_DEPRECATED_OBJC_IMPLEMENTATIONS = YES;
				CLANG_WARN_DIRECT_OBJC_ISA_USAGE = YES_ERROR;
				CLANG_WARN_DOCUMENTATION_COMMENTS = YES;
				CLANG_WARN_EMPTY_BODY = YES;
				CLANG_WARN_ENUM_CONVERSION = YES;
				CLANG_WARN_INFINITE_RECURSION = YES;
				CLANG_WARN_INT_CONVERSION = YES;
				CLANG_WARN_NON_LITERAL_NULL_CONVERSION = YES;
				CLANG_WARN_OBJC_IMPLICIT_RETAIN_SELF = YES;
				CLANG_WARN_OBJC_LITERAL_CONVERSION = YES;
				CLANG_WARN_OBJC_ROOT_CLASS = YES_ERROR;
				CLANG_WARN_QUOTED_INCLUDE_IN_FRAMEWORK_HEADER = YES;
				CLANG_WARN_RANGE_LOOP_ANALYSIS = YES;
				CLANG_WARN_STRICT_PROTOTYPES = YES;
				CLANG_WARN_SUSPICIOUS_MOVE = YES;
				CLANG_WARN_UNGUARDED_AVAILABILITY = YES_AGGRESSIVE;
				CLANG_WARN_UNREACHABLE_CODE = YES;
				CLANG_WARN__DUPLICATE_METHOD_MATCH = YES;
				COPY_PHASE_STRIP = NO;
				DEBUG_INFORMATION_FORMAT = "dwarf-with-dsym";
				ENABLE_NS_ASSERTIONS = NO;
				ENABLE_STRICT_OBJC_MSGSEND = YES;
				GCC_C_LANGUAGE_STANDARD = gnu11;
				GCC_NO_COMMON_BLOCKS = YES;
				GCC_WARN_64_TO_32_BIT_CONVERSION = YES;
				GCC_WARN_ABOUT_RETURN_TYPE = YES_ERROR;
				GCC_WARN_UNDECLARED_SELECTOR = YES;
				GCC_WARN_UNINITIALIZED_AUTOS = YES_AGGRESSIVE;
				GCC_WARN_UNUSED_FUNCTION = YES;
				GCC_WARN_UNUSED_VARIABLE = YES;
				IPHONEOS_DEPLOYMENT_TARGET = 14.5;
				MTL_ENABLE_DEBUG_INFO = NO;
				MTL_FAST_MATH = YES;
				SDKROOT = iphoneos;
				SWIFT_COMPILATION_MODE = wholemodule;
				SWIFT_OPTIMIZATION_LEVEL = "-O";
				VALIDATE_PRODUCT = YES;
			};
			name = Release;
		};
		1A48FD48264672EF002D4A69 /* Debug */ = {
			isa = XCBuildConfiguration;
			buildSettings = {
				ASSETCATALOG_COMPILER_APPICON_NAME = AppIcon;
				ASSETCATALOG_COMPILER_GLOBAL_ACCENT_COLOR_NAME = AccentColor;
				CODE_SIGN_STYLE = Automatic;
				DEVELOPMENT_TEAM = 73WK4T7C7F;
				INFOPLIST_FILE = PageConrolStudy/Info.plist;
				IPHONEOS_DEPLOYMENT_TARGET = 13.6;
				LD_RUNPATH_SEARCH_PATHS = (
					"$(inherited)",
					"@executable_path/Frameworks",
				);
				PRODUCT_BUNDLE_IDENTIFIER = omde.PageConrolStudy;
				PRODUCT_NAME = "$(TARGET_NAME)";
				SWIFT_VERSION = 5.0;
				TARGETED_DEVICE_FAMILY = "1,2";
			};
			name = Debug;
		};
		1A48FD49264672EF002D4A69 /* Release */ = {
			isa = XCBuildConfiguration;
			buildSettings = {
				ASSETCATALOG_COMPILER_APPICON_NAME = AppIcon;
				ASSETCATALOG_COMPILER_GLOBAL_ACCENT_COLOR_NAME = AccentColor;
				CODE_SIGN_STYLE = Automatic;
				DEVELOPMENT_TEAM = 73WK4T7C7F;
				INFOPLIST_FILE = PageConrolStudy/Info.plist;
				IPHONEOS_DEPLOYMENT_TARGET = 13.6;
				LD_RUNPATH_SEARCH_PATHS = (
					"$(inherited)",
					"@executable_path/Frameworks",
				);
				PRODUCT_BUNDLE_IDENTIFIER = omde.PageConrolStudy;
				PRODUCT_NAME = "$(TARGET_NAME)";
				SWIFT_VERSION = 5.0;
				TARGETED_DEVICE_FAMILY = "1,2";
			};
			name = Release;
		};
		1A48FD4B264672EF002D4A69 /* Debug */ = {
			isa = XCBuildConfiguration;
			buildSettings = {
				ALWAYS_EMBED_SWIFT_STANDARD_LIBRARIES = YES;
				BUNDLE_LOADER = "$(TEST_HOST)";
				CODE_SIGN_STYLE = Automatic;
				DEVELOPMENT_TEAM = 73WK4T7C7F;
				INFOPLIST_FILE = PageConrolStudyTests/Info.plist;
				IPHONEOS_DEPLOYMENT_TARGET = 14.5;
				LD_RUNPATH_SEARCH_PATHS = (
					"$(inherited)",
					"@executable_path/Frameworks",
					"@loader_path/Frameworks",
				);
				PRODUCT_BUNDLE_IDENTIFIER = omde.PageConrolStudyTests;
				PRODUCT_NAME = "$(TARGET_NAME)";
				SWIFT_VERSION = 5.0;
				TARGETED_DEVICE_FAMILY = "1,2";
				TEST_HOST = "$(BUILT_PRODUCTS_DIR)/PageConrolStudy.app/PageConrolStudy";
			};
			name = Debug;
		};
		1A48FD4C264672EF002D4A69 /* Release */ = {
			isa = XCBuildConfiguration;
			buildSettings = {
				ALWAYS_EMBED_SWIFT_STANDARD_LIBRARIES = YES;
				BUNDLE_LOADER = "$(TEST_HOST)";
				CODE_SIGN_STYLE = Automatic;
				DEVELOPMENT_TEAM = 73WK4T7C7F;
				INFOPLIST_FILE = PageConrolStudyTests/Info.plist;
				IPHONEOS_DEPLOYMENT_TARGET = 14.5;
				LD_RUNPATH_SEARCH_PATHS = (
					"$(inherited)",
					"@executable_path/Frameworks",
					"@loader_path/Frameworks",
				);
				PRODUCT_BUNDLE_IDENTIFIER = omde.PageConrolStudyTests;
				PRODUCT_NAME = "$(TARGET_NAME)";
				SWIFT_VERSION = 5.0;
				TARGETED_DEVICE_FAMILY = "1,2";
				TEST_HOST = "$(BUILT_PRODUCTS_DIR)/PageConrolStudy.app/PageConrolStudy";
			};
			name = Release;
		};
		1A48FD4E264672EF002D4A69 /* Debug */ = {
			isa = XCBuildConfiguration;
			buildSettings = {
				ALWAYS_EMBED_SWIFT_STANDARD_LIBRARIES = YES;
				CODE_SIGN_STYLE = Automatic;
				DEVELOPMENT_TEAM = 73WK4T7C7F;
				INFOPLIST_FILE = PageConrolStudyUITests/Info.plist;
				LD_RUNPATH_SEARCH_PATHS = (
					"$(inherited)",
					"@executable_path/Frameworks",
					"@loader_path/Frameworks",
				);
				PRODUCT_BUNDLE_IDENTIFIER = omde.PageConrolStudyUITests;
				PRODUCT_NAME = "$(TARGET_NAME)";
				SWIFT_VERSION = 5.0;
				TARGETED_DEVICE_FAMILY = "1,2";
				TEST_TARGET_NAME = PageConrolStudy;
			};
			name = Debug;
		};
		1A48FD4F264672EF002D4A69 /* Release */ = {
			isa = XCBuildConfiguration;
			buildSettings = {
				ALWAYS_EMBED_SWIFT_STANDARD_LIBRARIES = YES;
				CODE_SIGN_STYLE = Automatic;
				DEVELOPMENT_TEAM = 73WK4T7C7F;
				INFOPLIST_FILE = PageConrolStudyUITests/Info.plist;
				LD_RUNPATH_SEARCH_PATHS = (
					"$(inherited)",
					"@executable_path/Frameworks",
					"@loader_path/Frameworks",
				);
				PRODUCT_BUNDLE_IDENTIFIER = omde.PageConrolStudyUITests;
				PRODUCT_NAME = "$(TARGET_NAME)";
				SWIFT_VERSION = 5.0;
				TARGETED_DEVICE_FAMILY = "1,2";
				TEST_TARGET_NAME = PageConrolStudy;
			};
			name = Release;
		};
/* End XCBuildConfiguration section */

/* Begin XCConfigurationList section */
		1A48FD18264672EE002D4A69 /* Build configuration list for PBXProject "PageConrolStudy" */ = {
			isa = XCConfigurationList;
			buildConfigurations = (
				1A48FD45264672EF002D4A69 /* Debug */,
				1A48FD46264672EF002D4A69 /* Release */,
			);
			defaultConfigurationIsVisible = 0;
			defaultConfigurationName = Release;
		};
		1A48FD47264672EF002D4A69 /* Build configuration list for PBXNativeTarget "PageConrolStudy" */ = {
			isa = XCConfigurationList;
			buildConfigurations = (
				1A48FD48264672EF002D4A69 /* Debug */,
				1A48FD49264672EF002D4A69 /* Release */,
			);
			defaultConfigurationIsVisible = 0;
			defaultConfigurationName = Release;
		};
		1A48FD4A264672EF002D4A69 /* Build configuration list for PBXNativeTarget "PageConrolStudyTests" */ = {
			isa = XCConfigurationList;
			buildConfigurations = (
				1A48FD4B264672EF002D4A69 /* Debug */,
				1A48FD4C264672EF002D4A69 /* Release */,
			);
			defaultConfigurationIsVisible = 0;
			defaultConfigurationName = Release;
		};
		1A48FD4D264672EF002D4A69 /* Build configuration list for PBXNativeTarget "PageConrolStudyUITests" */ = {
			isa = XCConfigurationList;
			buildConfigurations = (
				1A48FD4E264672EF002D4A69 /* Debug */,
				1A48FD4F264672EF002D4A69 /* Release */,
			);
			defaultConfigurationIsVisible = 0;
			defaultConfigurationName = Release;
		};
/* End XCConfigurationList section */
	};
	rootObject = 1A48FD15264672EE002D4A69 /* Project object */;
}
